
Microsoft Visual Studio Solution File, Format Version 12.00
# Visual Studio Version 16
VisualStudioVersion = 16.0.28803.156
MinimumVisualStudioVersion = 10.0.40219.1
Project("{FAE04EC0-301F-11D3-BF4B-00C04F79EFBC}") = "TareaSurf-a-Thon", "TareaSurf-a-Thon.csproj", "{D4ECCDD1-4915-44C6-8A0E-9A727AA25445}"
EndProject
Global
	GlobalSection(SolutionConfigurationPlatforms) = preSolution
		Debug|Any CPU = Debug|Any CPU
		Release|Any CPU = Release|Any CPU
	EndGlobalSection
	GlobalSection(ProjectConfigurationPlatforms) = postSolution
		{D4ECCDD1-4915-44C6-8A0E-9A727AA25445}.Debug|Any CPU.ActiveCfg = Debug|Any CPU
		{D4ECCDD1-4915-44C6-8A0E-9A727AA25445}.Debug|Any CPU.Build.0 = Debug|Any CPU
		{D4ECCDD1-4915-44C6-8A0E-9A727AA25445}.Release|Any CPU.ActiveCfg = Release|Any CPU
		{D4ECCDD1-4915-44C6-8A0E-9A727AA25445}.Release|Any CPU.Build.0 = Release|Any CPU
	EndGlobalSection
	GlobalSection(SolutionProperties) = preSolution
		HideSolutionNode = FALSE
	EndGlobalSection
	GlobalSection(ExtensibilityGlobals) = postSolution
		SolutionGuid = {A31DA954-42DB-4F00-977A-0BE99AE819F1}
	EndGlobalSection
EndGlobal
